
Microsoft Visual Studio Solution File, Format Version 12.00
# Visual Studio Version 17
VisualStudioVersion = 17.6.33815.320
MinimumVisualStudioVersion = 10.0.40219.1
Project("{FAE04EC0-301F-11D3-BF4B-00C04F79EFBC}") = "ReginaJamat", "ReginaJamat\ReginaJamat.csproj", "{DD831644-EF86-4C77-8528-43FD189FBCA2}"
EndProject
Global
	GlobalSection(SolutionConfigurationPlatforms) = preSolution
		Debug|Any CPU = Debug|Any CPU
		Release|Any CPU = Release|Any CPU
	EndGlobalSection
	GlobalSection(ProjectConfigurationPlatforms) = postSolution
		{DD831644-EF86-4C77-8528-43FD189FBCA2}.Debug|Any CPU.ActiveCfg = Debug|Any CPU
		{DD831644-EF86-4C77-8528-43FD189FBCA2}.Debug|Any CPU.Build.0 = Debug|Any CPU
		{DD831644-EF86-4C77-8528-43FD189FBCA2}.Release|Any CPU.ActiveCfg = Release|Any CPU
		{DD831644-EF86-4C77-8528-43FD189FBCA2}.Release|Any CPU.Build.0 = Release|Any CPU
	EndGlobalSection
	GlobalSection(SolutionProperties) = preSolution
		HideSolutionNode = FALSE
	EndGlobalSection
	GlobalSection(ExtensibilityGlobals) = postSolution
		SolutionGuid = {3A841263-97C1-4EB0-84FE-E4A7AB00CC07}
	EndGlobalSection
EndGlobal
